{
  "requires": true,
  "lockfileVersion": 1,
  "dependencies": {
    "angular": {
      "version": "1.6.6",
      "resolved": "https://registry.npmjs.org/angular/-/angular-1.6.6.tgz",
      "integrity": "sha1-/Vo8+0N844LYVO4BEgeXl4Uny2Q="
    },
    "angular-formly": {
      "version": "8.4.1",
      "resolved": "https://registry.npmjs.org/angular-formly/-/angular-formly-8.4.1.tgz",
      "integrity": "sha1-X4nIob70K6ATnzqKDVssk3E2Aa8="
    },
    "angular-formly-templates-bootstrap": {
      "version": "6.5.1",
      "resolved": "https://registry.npmjs.org/angular-formly-templates-bootstrap/-/angular-formly-templates-bootstrap-6.5.1.tgz",
      "integrity": "sha1-2TmdM6gCRcbslLITs+E9DmpBXkM="
    },
    "api-check": {
      "version": "7.5.5",
      "resolved": "https://registry.npmjs.org/api-check/-/api-check-7.5.5.tgz",
      "integrity": "sha1-l0ttPgzhaF0ZveIr9J2YMDlMlJg="
    }
  }
}
